
Microsoft Visual Studio Solution File, Format Version 12.00
# Visual Studio 15
VisualStudioVersion = 15.0.28307.1259
MinimumVisualStudioVersion = 10.0.40219.1
Project("{9A19103F-16F7-4668-BE54-9A1E7A4F7556}") = "Cifrado", "Cifrado\Cifrado.csproj", "{162A41AD-CA8F-4FB0-A4DB-97FE9A0283EE}"
EndProject
Project("{FAE04EC0-301F-11D3-BF4B-00C04F79EFBC}") = "AppConsola", "AppConsola\AppConsola.csproj", "{4B379E02-9FD0-4243-A4BA-46D6156F7A6D}"
EndProject
Project("{FAE04EC0-301F-11D3-BF4B-00C04F79EFBC}") = "WebAPI", "WebAPI\WebAPI.csproj", "{E615E08D-FF88-49F5-AE21-E26507690AB4}"
EndProject
Global
	GlobalSection(SolutionConfigurationPlatforms) = preSolution
		Debug|Any CPU = Debug|Any CPU
		Release|Any CPU = Release|Any CPU
	EndGlobalSection
	GlobalSection(ProjectConfigurationPlatforms) = postSolution
		{162A41AD-CA8F-4FB0-A4DB-97FE9A0283EE}.Debug|Any CPU.ActiveCfg = Debug|Any CPU
		{162A41AD-CA8F-4FB0-A4DB-97FE9A0283EE}.Debug|Any CPU.Build.0 = Debug|Any CPU
		{162A41AD-CA8F-4FB0-A4DB-97FE9A0283EE}.Release|Any CPU.ActiveCfg = Release|Any CPU
		{162A41AD-CA8F-4FB0-A4DB-97FE9A0283EE}.Release|Any CPU.Build.0 = Release|Any CPU
		{4B379E02-9FD0-4243-A4BA-46D6156F7A6D}.Debug|Any CPU.ActiveCfg = Debug|Any CPU
		{4B379E02-9FD0-4243-A4BA-46D6156F7A6D}.Debug|Any CPU.Build.0 = Debug|Any CPU
		{4B379E02-9FD0-4243-A4BA-46D6156F7A6D}.Release|Any CPU.ActiveCfg = Release|Any CPU
		{4B379E02-9FD0-4243-A4BA-46D6156F7A6D}.Release|Any CPU.Build.0 = Release|Any CPU
		{E615E08D-FF88-49F5-AE21-E26507690AB4}.Debug|Any CPU.ActiveCfg = Debug|Any CPU
		{E615E08D-FF88-49F5-AE21-E26507690AB4}.Debug|Any CPU.Build.0 = Debug|Any CPU
		{E615E08D-FF88-49F5-AE21-E26507690AB4}.Release|Any CPU.ActiveCfg = Release|Any CPU
		{E615E08D-FF88-49F5-AE21-E26507690AB4}.Release|Any CPU.Build.0 = Release|Any CPU
	EndGlobalSection
	GlobalSection(SolutionProperties) = preSolution
		HideSolutionNode = FALSE
	EndGlobalSection
	GlobalSection(ExtensibilityGlobals) = postSolution
		SolutionGuid = {B5DE7789-59F8-4D42-B425-A13265158DA1}
	EndGlobalSection
EndGlobal
